
Microsoft Visual Studio Solution File, Format Version 12.00
# Visual Studio Version 17
VisualStudioVersion = 17.2.32630.192
MinimumVisualStudioVersion = 10.0.40219.1
Project("{8BC9CEB8-8B4A-11D0-8D11-00A0C91BC942}") = "Network", "Network\Network.vcxproj", "{A78F6331-8B8D-4A82-B9F7-FBDF067D018F}"
EndProject
Project("{8BC9CEB8-8B4A-11D0-8D11-00A0C91BC942}") = "SocketClient", "SocketClient\SocketClient.vcxproj", "{3A3B6A8C-0C80-47CE-929E-119F6DA72493}"
EndProject
Project("{8BC9CEB8-8B4A-11D0-8D11-00A0C91BC942}") = "SocketServer", "SocketServer\SocketServer.vcxproj", "{8D50B298-0C00-4823-ABD2-E6E0BFC5F3E4}"
EndProject
Project("{2150E333-8FDC-42A3-9474-1A3956D46DE8}") = "SocketBasic", "SocketBasic", "{EEF0F0E8-33B6-423C-BB33-830FE0E9EC77}"
EndProject
Project("{2150E333-8FDC-42A3-9474-1A3956D46DE8}") = "SendRecv", "SendRecv", "{D01BAA4F-0138-4B1F-B132-EC5A1938B89C}"
EndProject
Project("{8BC9CEB8-8B4A-11D0-8D11-00A0C91BC942}") = "SendClient", "SendClient\SendClient.vcxproj", "{123F8D35-62A7-40B4-A818-6920CC839636}"
EndProject
Project("{8BC9CEB8-8B4A-11D0-8D11-00A0C91BC942}") = "RecvServer", "RecvServer\RecvServer.vcxproj", "{3608E902-CC2E-4811-A370-AC74A4A4C34F}"
EndProject
Project("{2150E333-8FDC-42A3-9474-1A3956D46DE8}") = "UDP", "UDP", "{AB6DF91F-7409-429B-A715-3C65B679077F}"
EndProject
Project("{8BC9CEB8-8B4A-11D0-8D11-00A0C91BC942}") = "UDPClient", "UDPClient\UDPClient.vcxproj", "{4A4AD5E1-CA74-4BCE-A2B6-3ED67AA4242E}"
EndProject
Project("{8BC9CEB8-8B4A-11D0-8D11-00A0C91BC942}") = "UDPServer", "UDPServer\UDPServer.vcxproj", "{5C267429-4B8B-4981-ABFF-E30DAC7582C5}"
EndProject
Project("{2150E333-8FDC-42A3-9474-1A3956D46DE8}") = "SocketOption", "SocketOption", "{A4C11DEE-1025-445B-9C46-BB9C3FDE830B}"
EndProject
Project("{8BC9CEB8-8B4A-11D0-8D11-00A0C91BC942}") = "SocketOption", "SocketOption\SocketOption.vcxproj", "{693AA462-CAF1-4248-AE22-460FD7D8FB9E}"
EndProject
Project("{2150E333-8FDC-42A3-9474-1A3956D46DE8}") = "NonBlocking", "NonBlocking", "{982F1E6A-C1EE-4A4B-B7A9-0FFED1B73928}"
EndProject
Project("{8BC9CEB8-8B4A-11D0-8D11-00A0C91BC942}") = "NonBlockingServer", "NonBlockingServer\NonBlockingServer.vcxproj", "{7DFFB17C-F6CC-4B54-ABA5-DE7F9BF18E67}"
EndProject
Project("{8BC9CEB8-8B4A-11D0-8D11-00A0C91BC942}") = "NonBlockingClient", "NonBlockingClient\NonBlockingClient.vcxproj", "{8627F399-4CFF-4C03-95F9-E8727CCB1E75}"
EndProject
Project("{2150E333-8FDC-42A3-9474-1A3956D46DE8}") = "SelectModel", "SelectModel", "{A0C10C9A-3C60-42E7-8F20-65E7739ACCB0}"
EndProject
Project("{8BC9CEB8-8B4A-11D0-8D11-00A0C91BC942}") = "SelectServer", "SelectServer\SelectServer.vcxproj", "{EAFD97B8-413A-4AA2-BB95-7727068C2471}"
EndProject
Project("{8BC9CEB8-8B4A-11D0-8D11-00A0C91BC942}") = "SelectClient", "SelectClient\SelectClient.vcxproj", "{B06C0061-7DD8-4FED-B9B3-8CC7ADC2F82E}"
EndProject
Project("{2150E333-8FDC-42A3-9474-1A3956D46DE8}") = "WSAEventSelect", "WSAEventSelect", "{F7F2E8D1-A8F1-4666-A95A-A2DBE253A02D}"
EndProject
Project("{8BC9CEB8-8B4A-11D0-8D11-00A0C91BC942}") = "WSAEventSelectServer", "WSAEventSelectServer\WSAEventSelectServer.vcxproj", "{C72E7902-B428-48E9-9533-7A6EB8B09122}"
EndProject
Global
	GlobalSection(SolutionConfigurationPlatforms) = preSolution
		Debug|x64 = Debug|x64
		Debug|x86 = Debug|x86
		Release|x64 = Release|x64
		Release|x86 = Release|x86
	EndGlobalSection
	GlobalSection(ProjectConfigurationPlatforms) = postSolution
		{A78F6331-8B8D-4A82-B9F7-FBDF067D018F}.Debug|x64.ActiveCfg = Debug|x64
		{A78F6331-8B8D-4A82-B9F7-FBDF067D018F}.Debug|x64.Build.0 = Debug|x64
		{A78F6331-8B8D-4A82-B9F7-FBDF067D018F}.Debug|x86.ActiveCfg = Debug|Win32
		{A78F6331-8B8D-4A82-B9F7-FBDF067D018F}.Debug|x86.Build.0 = Debug|Win32
		{A78F6331-8B8D-4A82-B9F7-FBDF067D018F}.Release|x64.ActiveCfg = Release|x64
		{A78F6331-8B8D-4A82-B9F7-FBDF067D018F}.Release|x64.Build.0 = Release|x64
		{A78F6331-8B8D-4A82-B9F7-FBDF067D018F}.Release|x86.ActiveCfg = Release|Win32
		{A78F6331-8B8D-4A82-B9F7-FBDF067D018F}.Release|x86.Build.0 = Release|Win32
		{3A3B6A8C-0C80-47CE-929E-119F6DA72493}.Debug|x64.ActiveCfg = Debug|x64
		{3A3B6A8C-0C80-47CE-929E-119F6DA72493}.Debug|x64.Build.0 = Debug|x64
		{3A3B6A8C-0C80-47CE-929E-119F6DA72493}.Debug|x86.ActiveCfg = Debug|Win32
		{3A3B6A8C-0C80-47CE-929E-119F6DA72493}.Debug|x86.Build.0 = Debug|Win32
		{3A3B6A8C-0C80-47CE-929E-119F6DA72493}.Release|x64.ActiveCfg = Release|x64
		{3A3B6A8C-0C80-47CE-929E-119F6DA72493}.Release|x64.Build.0 = Release|x64
		{3A3B6A8C-0C80-47CE-929E-119F6DA72493}.Release|x86.ActiveCfg = Release|Win32
		{3A3B6A8C-0C80-47CE-929E-119F6DA72493}.Release|x86.Build.0 = Release|Win32
		{8D50B298-0C00-4823-ABD2-E6E0BFC5F3E4}.Debug|x64.ActiveCfg = Debug|x64
		{8D50B298-0C00-4823-ABD2-E6E0BFC5F3E4}.Debug|x64.Build.0 = Debug|x64
		{8D50B298-0C00-4823-ABD2-E6E0BFC5F3E4}.Debug|x86.ActiveCfg = Debug|Win32
		{8D50B298-0C00-4823-ABD2-E6E0BFC5F3E4}.Debug|x86.Build.0 = Debug|Win32
		{8D50B298-0C00-4823-ABD2-E6E0BFC5F3E4}.Release|x64.ActiveCfg = Release|x64
		{8D50B298-0C00-4823-ABD2-E6E0BFC5F3E4}.Release|x64.Build.0 = Release|x64
		{8D50B298-0C00-4823-ABD2-E6E0BFC5F3E4}.Release|x86.ActiveCfg = Release|Win32
		{8D50B298-0C00-4823-ABD2-E6E0BFC5F3E4}.Release|x86.Build.0 = Release|Win32
		{123F8D35-62A7-40B4-A818-6920CC839636}.Debug|x64.ActiveCfg = Debug|x64
		{123F8D35-62A7-40B4-A818-6920CC839636}.Debug|x64.Build.0 = Debug|x64
		{123F8D35-62A7-40B4-A818-6920CC839636}.Debug|x86.ActiveCfg = Debug|Win32
		{123F8D35-62A7-40B4-A818-6920CC839636}.Debug|x86.Build.0 = Debug|Win32
		{123F8D35-62A7-40B4-A818-6920CC839636}.Release|x64.ActiveCfg = Release|x64
		{123F8D35-62A7-40B4-A818-6920CC839636}.Release|x64.Build.0 = Release|x64
		{123F8D35-62A7-40B4-A818-6920CC839636}.Release|x86.ActiveCfg = Release|Win32
		{123F8D35-62A7-40B4-A818-6920CC839636}.Release|x86.Build.0 = Release|Win32
		{3608E902-CC2E-4811-A370-AC74A4A4C34F}.Debug|x64.ActiveCfg = Debug|x64
		{3608E902-CC2E-4811-A370-AC74A4A4C34F}.Debug|x64.Build.0 = Debug|x64
		{3608E902-CC2E-4811-A370-AC74A4A4C34F}.Debug|x86.ActiveCfg = Debug|Win32
		{3608E902-CC2E-4811-A370-AC74A4A4C34F}.Debug|x86.Build.0 = Debug|Win32
		{3608E902-CC2E-4811-A370-AC74A4A4C34F}.Release|x64.ActiveCfg = Release|x64
		{3608E902-CC2E-4811-A370-AC74A4A4C34F}.Release|x64.Build.0 = Release|x64
		{3608E902-CC2E-4811-A370-AC74A4A4C34F}.Release|x86.ActiveCfg = Release|Win32
		{3608E902-CC2E-4811-A370-AC74A4A4C34F}.Release|x86.Build.0 = Release|Win32
		{4A4AD5E1-CA74-4BCE-A2B6-3ED67AA4242E}.Debug|x64.ActiveCfg = Debug|x64
		{4A4AD5E1-CA74-4BCE-A2B6-3ED67AA4242E}.Debug|x64.Build.0 = Debug|x64
		{4A4AD5E1-CA74-4BCE-A2B6-3ED67AA4242E}.Debug|x86.ActiveCfg = Debug|Win32
		{4A4AD5E1-CA74-4BCE-A2B6-3ED67AA4242E}.Debug|x86.Build.0 = Debug|Win32
		{4A4AD5E1-CA74-4BCE-A2B6-3ED67AA4242E}.Release|x64.ActiveCfg = Release|x64
		{4A4AD5E1-CA74-4BCE-A2B6-3ED67AA4242E}.Release|x64.Build.0 = Release|x64
		{4A4AD5E1-CA74-4BCE-A2B6-3ED67AA4242E}.Release|x86.ActiveCfg = Release|Win32
		{4A4AD5E1-CA74-4BCE-A2B6-3ED67AA4242E}.Release|x86.Build.0 = Release|Win32
		{5C267429-4B8B-4981-ABFF-E30DAC7582C5}.Debug|x64.ActiveCfg = Debug|x64
		{5C267429-4B8B-4981-ABFF-E30DAC7582C5}.Debug|x64.Build.0 = Debug|x64
		{5C267429-4B8B-4981-ABFF-E30DAC7582C5}.Debug|x86.ActiveCfg = Debug|Win32
		{5C267429-4B8B-4981-ABFF-E30DAC7582C5}.Debug|x86.Build.0 = Debug|Win32
		{5C267429-4B8B-4981-ABFF-E30DAC7582C5}.Release|x64.ActiveCfg = Release|x64
		{5C267429-4B8B-4981-ABFF-E30DAC7582C5}.Release|x64.Build.0 = Release|x64
		{5C267429-4B8B-4981-ABFF-E30DAC7582C5}.Release|x86.ActiveCfg = Release|Win32
		{5C267429-4B8B-4981-ABFF-E30DAC7582C5}.Release|x86.Build.0 = Release|Win32
		{693AA462-CAF1-4248-AE22-460FD7D8FB9E}.Debug|x64.ActiveCfg = Debug|x64
		{693AA462-CAF1-4248-AE22-460FD7D8FB9E}.Debug|x64.Build.0 = Debug|x64
		{693AA462-CAF1-4248-AE22-460FD7D8FB9E}.Debug|x86.ActiveCfg = Debug|Win32
		{693AA462-CAF1-4248-AE22-460FD7D8FB9E}.Debug|x86.Build.0 = Debug|Win32
		{693AA462-CAF1-4248-AE22-460FD7D8FB9E}.Release|x64.ActiveCfg = Release|x64
		{693AA462-CAF1-4248-AE22-460FD7D8FB9E}.Release|x64.Build.0 = Release|x64
		{693AA462-CAF1-4248-AE22-460FD7D8FB9E}.Release|x86.ActiveCfg = Release|Win32
		{693AA462-CAF1-4248-AE22-460FD7D8FB9E}.Release|x86.Build.0 = Release|Win32
		{7DFFB17C-F6CC-4B54-ABA5-DE7F9BF18E67}.Debug|x64.ActiveCfg = Debug|x64
		{7DFFB17C-F6CC-4B54-ABA5-DE7F9BF18E67}.Debug|x64.Build.0 = Debug|x64
		{7DFFB17C-F6CC-4B54-ABA5-DE7F9BF18E67}.Debug|x86.ActiveCfg = Debug|Win32
		{7DFFB17C-F6CC-4B54-ABA5-DE7F9BF18E67}.Debug|x86.Build.0 = Debug|Win32
		{7DFFB17C-F6CC-4B54-ABA5-DE7F9BF18E67}.Release|x64.ActiveCfg = Release|x64
		{7DFFB17C-F6CC-4B54-ABA5-DE7F9BF18E67}.Release|x64.Build.0 = Release|x64
		{7DFFB17C-F6CC-4B54-ABA5-DE7F9BF18E67}.Release|x86.ActiveCfg = Release|Win32
		{7DFFB17C-F6CC-4B54-ABA5-DE7F9BF18E67}.Release|x86.Build.0 = Release|Win32
		{8627F399-4CFF-4C03-95F9-E8727CCB1E75}.Debug|x64.ActiveCfg = Debug|x64
		{8627F399-4CFF-4C03-95F9-E8727CCB1E75}.Debug|x64.Build.0 = Debug|x64
		{8627F399-4CFF-4C03-95F9-E8727CCB1E75}.Debug|x86.ActiveCfg = Debug|Win32
		{8627F399-4CFF-4C03-95F9-E8727CCB1E75}.Debug|x86.Build.0 = Debug|Win32
		{8627F399-4CFF-4C03-95F9-E8727CCB1E75}.Release|x64.ActiveCfg = Release|x64
		{8627F399-4CFF-4C03-95F9-E8727CCB1E75}.Release|x64.Build.0 = Release|x64
		{8627F399-4CFF-4C03-95F9-E8727CCB1E75}.Release|x86.ActiveCfg = Release|Win32
		{8627F399-4CFF-4C03-95F9-E8727CCB1E75}.Release|x86.Build.0 = Release|Win32
		{EAFD97B8-413A-4AA2-BB95-7727068C2471}.Debug|x64.ActiveCfg = Debug|x64
		{EAFD97B8-413A-4AA2-BB95-7727068C2471}.Debug|x64.Build.0 = Debug|x64
		{EAFD97B8-413A-4AA2-BB95-7727068C2471}.Debug|x86.ActiveCfg = Debug|Win32
		{EAFD97B8-413A-4AA2-BB95-7727068C2471}.Debug|x86.Build.0 = Debug|Win32
		{EAFD97B8-413A-4AA2-BB95-7727068C2471}.Release|x64.ActiveCfg = Release|x64
		{EAFD97B8-413A-4AA2-BB95-7727068C2471}.Release|x64.Build.0 = Release|x64
		{EAFD97B8-413A-4AA2-BB95-7727068C2471}.Release|x86.ActiveCfg = Release|Win32
		{EAFD97B8-413A-4AA2-BB95-7727068C2471}.Release|x86.Build.0 = Release|Win32
		{B06C0061-7DD8-4FED-B9B3-8CC7ADC2F82E}.Debug|x64.ActiveCfg = Debug|x64
		{B06C0061-7DD8-4FED-B9B3-8CC7ADC2F82E}.Debug|x64.Build.0 = Debug|x64
		{B06C0061-7DD8-4FED-B9B3-8CC7ADC2F82E}.Debug|x86.ActiveCfg = Debug|Win32
		{B06C0061-7DD8-4FED-B9B3-8CC7ADC2F82E}.Debug|x86.Build.0 = Debug|Win32
		{B06C0061-7DD8-4FED-B9B3-8CC7ADC2F82E}.Release|x64.ActiveCfg = Release|x64
		{B06C0061-7DD8-4FED-B9B3-8CC7ADC2F82E}.Release|x64.Build.0 = Release|x64
		{B06C0061-7DD8-4FED-B9B3-8CC7ADC2F82E}.Release|x86.ActiveCfg = Release|Win32
		{B06C0061-7DD8-4FED-B9B3-8CC7ADC2F82E}.Release|x86.Build.0 = Release|Win32
		{C72E7902-B428-48E9-9533-7A6EB8B09122}.Debug|x64.ActiveCfg = Debug|x64
		{C72E7902-B428-48E9-9533-7A6EB8B09122}.Debug|x64.Build.0 = Debug|x64
		{C72E7902-B428-48E9-9533-7A6EB8B09122}.Debug|x86.ActiveCfg = Debug|Win32
		{C72E7902-B428-48E9-9533-7A6EB8B09122}.Debug|x86.Build.0 = Debug|Win32
		{C72E7902-B428-48E9-9533-7A6EB8B09122}.Release|x64.ActiveCfg = Release|x64
		{C72E7902-B428-48E9-9533-7A6EB8B09122}.Release|x64.Build.0 = Release|x64
		{C72E7902-B428-48E9-9533-7A6EB8B09122}.Release|x86.ActiveCfg = Release|Win32
		{C72E7902-B428-48E9-9533-7A6EB8B09122}.Release|x86.Build.0 = Release|Win32
	EndGlobalSection
	GlobalSection(SolutionProperties) = preSolution
		HideSolutionNode = FALSE
	EndGlobalSection
	GlobalSection(NestedProjects) = preSolution
		{3A3B6A8C-0C80-47CE-929E-119F6DA72493} = {EEF0F0E8-33B6-423C-BB33-830FE0E9EC77}
		{8D50B298-0C00-4823-ABD2-E6E0BFC5F3E4} = {EEF0F0E8-33B6-423C-BB33-830FE0E9EC77}
		{123F8D35-62A7-40B4-A818-6920CC839636} = {D01BAA4F-0138-4B1F-B132-EC5A1938B89C}
		{3608E902-CC2E-4811-A370-AC74A4A4C34F} = {D01BAA4F-0138-4B1F-B132-EC5A1938B89C}
		{4A4AD5E1-CA74-4BCE-A2B6-3ED67AA4242E} = {AB6DF91F-7409-429B-A715-3C65B679077F}
		{5C267429-4B8B-4981-ABFF-E30DAC7582C5} = {AB6DF91F-7409-429B-A715-3C65B679077F}
		{693AA462-CAF1-4248-AE22-460FD7D8FB9E} = {A4C11DEE-1025-445B-9C46-BB9C3FDE830B}
		{7DFFB17C-F6CC-4B54-ABA5-DE7F9BF18E67} = {982F1E6A-C1EE-4A4B-B7A9-0FFED1B73928}
		{8627F399-4CFF-4C03-95F9-E8727CCB1E75} = {982F1E6A-C1EE-4A4B-B7A9-0FFED1B73928}
		{EAFD97B8-413A-4AA2-BB95-7727068C2471} = {A0C10C9A-3C60-42E7-8F20-65E7739ACCB0}
		{B06C0061-7DD8-4FED-B9B3-8CC7ADC2F82E} = {A0C10C9A-3C60-42E7-8F20-65E7739ACCB0}
		{C72E7902-B428-48E9-9533-7A6EB8B09122} = {F7F2E8D1-A8F1-4666-A95A-A2DBE253A02D}
	EndGlobalSection
	GlobalSection(ExtensibilityGlobals) = postSolution
		SolutionGuid = {023B4717-E872-4B4E-90EE-9F89305683EA}
	EndGlobalSection
EndGlobal
